// !$*UTF8*$!
{
	archiveVersion = 1;
	classes = {
	};
	objectVersion = 46;
	objects = {

/* Begin PBXBuildFile section */
		EED6C0A21CE6C7E300EA09BE /* AppDelegate.swift in Sources */ = {isa = PBXBuildFile; fileRef = EED6C0A11CE6C7E300EA09BE /* AppDelegate.swift */; };
		EED6C0A41CE6C7E300EA09BE /* ViewController.swift in Sources */ = {isa = PBXBuildFile; fileRef = EED6C0A31CE6C7E300EA09BE /* ViewController.swift */; };
		EED6C0A71CE6C7E300EA09BE /* Main.storyboard in Resources */ = {isa = PBXBuildFile; fileRef = EED6C0A51CE6C7E300EA09BE /* Main.storyboard */; };
		EED6C0A91CE6C7E300EA09BE /* Assets.xcassets in Resources */ = {isa = PBXBuildFile; fileRef = EED6C0A81CE6C7E300EA09BE /* Assets.xcassets */; };
		EED6C0AC1CE6C7E300EA09BE /* LaunchScreen.storyboard in Resources */ = {isa = PBXBuildFile; fileRef = EED6C0AA1CE6C7E300EA09BE /* LaunchScreen.storyboard */; };
/* End PBXBuildFile section */

/* Begin PBXFileReference section */
		EED6C09E1CE6C7E300EA09BE /* Swift Button.app */ = {isa = PBXFileReference; explicitFileType = wrapper.application; includeInIndex = 0; path = "Swift Button.app"; sourceTree = BUILT_PRODUCTS_DIR; };
		EED6C0A11CE6C7E300EA09BE /* AppDelegate.swift */ = {isa = PBXFileReference; lastKnownFileType = sourcecode.swift; path = AppDelegate.swift; sourceTree = "<group>"; };
		EED6C0A31CE6C7E300EA09BE /* ViewController.swift */ = {isa = PBXFileReference; lastKnownFileType = sourcecode.swift; path = ViewController.swift; sourceTree = "<group>"; };
		EED6C0A61CE6C7E300EA09BE /* Base */ = {isa = PBXFileReference; lastKnownFileType = file.storyboard; name = Base; path = Base.lproj/Main.storyboard; sourceTree = "<group>"; };
		EED6C0A81CE6C7E300EA09BE /* Assets.xcassets */ = {isa = PBXFileReference; lastKnownFileType = folder.assetcatalog; path = Assets.xcassets; sourceTree = "<group>"; };
		EED6C0AB1CE6C7E300EA09BE /* Base */ = {isa = PBXFileReference; lastKnownFileType = file.storyboard; name = Base; path = Base.lproj/LaunchScreen.storyboard; sourceTree = "<group>"; };
		EED6C0AD1CE6C7E300EA09BE /* Info.plist */ = {isa = PBXFileReference; lastKnownFileType = text.plist.xml; path = Info.plist; sourceTree = "<group>"; };
/* End PBXFileReference section */

/* Begin PBXFrameworksBuildPhase section */
		EED6C09B1CE6C7E300EA09BE /* Frameworks */ = {
			isa = PBXFrameworksBuildPhase;
			buildActionMask = 2147483647;
			files = (
			);
			runOnlyForDeploymentPostprocessing = 0;
		};
/* End PBXFrameworksBuildPhase section */

/* Begin PBXGroup section */
		EED6C0951CE6C7E300EA09BE = {
			isa = PBXGroup;
			children = (
				EED6C0A01CE6C7E300EA09BE /* Swift Button */,
				EED6C09F1CE6C7E300EA09BE /* Products */,
			);
			sourceTree = "<group>";
		};
		EED6C09F1CE6C7E300EA09BE /* Products */ = {
			isa = PBXGroup;
			children = (
				EED6C09E1CE6C7E300EA09BE /* Swift Button.app */,
			);
			name = Products;
			sourceTree = "<group>";
		};
		EED6C0A01CE6C7E300EA09BE /* Swift Button */ = {
			isa = PBXGroup;
			children = (
				EED6C0A11CE6C7E300EA09BE /* AppDelegate.swift */,
				EED6C0A31CE6C7E300EA09BE /* ViewController.swift */,
				EED6C0A51CE6C7E300EA09BE /* Main.storyboard */,
				EED6C0A81CE6C7E300EA09BE /* Assets.xcassets */,
				EED6C0AA1CE6C7E300EA09BE /* LaunchScreen.storyboard */,
				EED6C0AD1CE6C7E300EA09BE /* Info.plist */,
			);
			path = "Swift Button";
			sourceTree = "<group>";
		};
/* End PBXGroup section */

/* Begin PBXNativeTarget section */
		EED6C09D1CE6C7E300EA09BE /* Swift Button */ = {
			isa = PBXNativeTarget;
			buildConfigurationList = EED6C0B01CE6C7E300EA09BE /* Build configuration list for PBXNativeTarget "Swift Button" */;
			buildPhases = (
				EED6C09A1CE6C7E300EA09BE /* Sources */,
				EED6C09B1CE6C7E300EA09BE /* Frameworks */,
				EED6C09C1CE6C7E300EA09BE /* Resources */,
			);
			buildRules = (
			);
			dependencies = (
			);
			name = "Swift Button";
			productName = "Swift Button";
			productReference = EED6C09E1CE6C7E300EA09BE /* Swift Button.app */;
			productType = "com.apple.product-type.application";
		};
/* End PBXNativeTarget section */

/* Begin PBXProject section */
		EED6C0961CE6C7E300EA09BE /* Project object */ = {
			isa = PBXProject;
			attributes = {
				LastSwiftUpdateCheck = 0730;
				LastUpgradeCheck = 0730;
				ORGANIZATIONNAME = "姜况童";
				TargetAttributes = {
					EED6C09D1CE6C7E300EA09BE = {
						CreatedOnToolsVersion = 7.3;
					};
				};
			};
			buildConfigurationList = EED6C0991CE6C7E300EA09BE /* Build configuration list for PBXProject "Swift Button" */;
			compatibilityVersion = "Xcode 3.2";
			developmentRegion = English;
			hasScannedForEncodings = 0;
			knownRegions = (
				en,
				Base,
			);
			mainGroup = EED6C0951CE6C7E300EA09BE;
			productRefGroup = EED6C09F1CE6C7E300EA09BE /* Products */;
			projectDirPath = "";
			projectRoot = "";
			targets = (
				EED6C09D1CE6C7E300EA09BE /* Swift Button */,
			);
		};
/* End PBXProject section */

/* Begin PBXResourcesBuildPhase section */
		EED6C09C1CE6C7E300EA09BE /* Resources */ = {
			isa = PBXResourcesBuildPhase;
			buildActionMask = 2147483647;
			files = (
				EED6C0AC1CE6C7E300EA09BE /* LaunchScreen.storyboard in Resources */,
				EED6C0A91CE6C7E300EA09BE /* Assets.xcassets in Resources */,
				EED6C0A71CE6C7E300EA09BE /* Main.storyboard in Resources */,
			);
			runOnlyForDeploymentPostprocessing = 0;
		};
/* End PBXResourcesBuildPhase section */

/* Begin PBXSourcesBuildPhase section */
		EED6C09A1CE6C7E300EA09BE /* Sources */ = {
			isa = PBXSourcesBuildPhase;
			buildActionMask = 2147483647;
			files = (
				EED6C0A41CE6C7E300EA09BE /* ViewController.swift in Sources */,
				EED6C0A21CE6C7E300EA09BE /* AppDelegate.swift in Sources */,
			);
			runOnlyForDeploymentPostprocessing = 0;
		};
/* End PBXSourcesBuildPhase section */

/* Begin PBXVariantGroup section */
		EED6C0A51CE6C7E300EA09BE /* Main.storyboard */ = {
			isa = PBXVariantGroup;
			children = (
				EED6C0A61CE6C7E300EA09BE /* Base */,
			);
			name = Main.storyboard;
			sourceTree = "<group>";
		};
		EED6C0AA1CE6C7E300EA09BE /* LaunchScreen.storyboard */ = {
			isa = PBXVariantGroup;
			children = (
				EED6C0AB1CE6C7E300EA09BE /* Base */,
			);
			name = LaunchScreen.storyboard;
			sourceTree = "<group>";
		};
/* End PBXVariantGroup section */

/* Begin XCBuildConfiguration section */
		EED6C0AE1CE6C7E300EA09BE /* Debug */ = {
			isa = XCBuildConfiguration;
			buildSettings = {
				ALWAYS_SEARCH_USER_PATHS = NO;
				CLANG_ANALYZER_NONNULL = YES;
				CLANG_CXX_LANGUAGE_STANDARD = "gnu++0x";
				CLANG_CXX_LIBRARY = "libc++";
				CLANG_ENABLE_MODULES = YES;
				CLANG_ENABLE_OBJC_ARC = YES;
				CLANG_WARN_BOOL_CONVERSION = YES;
				CLANG_WARN_CONSTANT_CONVERSION = YES;
				CLANG_WARN_DIRECT_OBJC_ISA_USAGE = YES_ERROR;
				CLANG_WARN_EMPTY_BODY = YES;
				CLANG_WARN_ENUM_CONVERSION = YES;
				CLANG_WARN_INT_CONVERSION = YES;
				CLANG_WARN_OBJC_ROOT_CLASS = YES_ERROR;
				CLANG_WARN_UNREACHABLE_CODE = YES;
				CLANG_WARN__DUPLICATE_METHOD_MATCH = YES;
				"CODE_SIGN_IDENTITY[sdk=iphoneos*]" = "iPhone Developer";
				COPY_PHASE_STRIP = NO;
				DEBUG_INFORMATION_FORMAT = dwarf;
				ENABLE_STRICT_OBJC_MSGSEND = YES;
				ENABLE_TESTABILITY = YES;
				GCC_C_LANGUAGE_STANDARD = gnu99;
				GCC_DYNAMIC_NO_PIC = NO;
				GCC_NO_COMMON_BLOCKS = YES;
				GCC_OPTIMIZATION_LEVEL = 0;
				GCC_PREPROCESSOR_DEFINITIONS = (
					"DEBUG=1",
					"$(inherited)",
				);
				GCC_WARN_64_TO_32_BIT_CONVERSION = YES;
				GCC_WARN_ABOUT_RETURN_TYPE = YES_ERROR;
				GCC_WARN_UNDECLARED_SELECTOR = YES;
				GCC_WARN_UNINITIALIZED_AUTOS = YES_AGGRESSIVE;
				GCC_WARN_UNUSED_FUNCTION = YES;
				GCC_WARN_UNUSED_VARIABLE = YES;
				IPHONEOS_DEPLOYMENT_TARGET = 9.3;
				MTL_ENABLE_DEBUG_INFO = YES;
				ONLY_ACTIVE_ARCH = YES;
				SDKROOT = iphoneos;
				SWIFT_OPTIMIZATION_LEVEL = "-Onone";
				TARGETED_DEVICE_FAMILY = "1,2";
			};
			name = Debug;
		};
		EED6C0AF1CE6C7E300EA09BE /* Release */ = {
			isa = XCBuildConfiguration;
			buildSettings = {
				ALWAYS_SEARCH_USER_PATHS = NO;
				CLANG_ANALYZER_NONNULL = YES;
				CLANG_CXX_LANGUAGE_STANDARD = "gnu++0x";
				CLANG_CXX_LIBRARY = "libc++";
				CLANG_ENABLE_MODULES = YES;
				CLANG_ENABLE_OBJC_ARC = YES;
				CLANG_WARN_BOOL_CONVERSION = YES;
				CLANG_WARN_CONSTANT_CONVERSION = YES;
				CLANG_WARN_DIRECT_OBJC_ISA_USAGE = YES_ERROR;
				CLANG_WARN_EMPTY_BODY = YES;
				CLANG_WARN_ENUM_CONVERSION = YES;
				CLANG_WARN_INT_CONVERSION = YES;
				CLANG_WARN_OBJC_ROOT_CLASS = YES_ERROR;
				CLANG_WARN_UNREACHABLE_CODE = YES;
				CLANG_WARN__DUPLICATE_METHOD_MATCH = YES;
				"CODE_SIGN_IDENTITY[sdk=iphoneos*]" = "iPhone Developer";
				COPY_PHASE_STRIP = NO;
				DEBUG_INFORMATION_FORMAT = "dwarf-with-dsym";
				ENABLE_NS_ASSERTIONS = NO;
				ENABLE_STRICT_OBJC_MSGSEND = YES;
				GCC_C_LANGUAGE_STANDARD = gnu99;
				GCC_NO_COMMON_BLOCKS = YES;
				GCC_WARN_64_TO_32_BIT_CONVERSION = YES;
				GCC_WARN_ABOUT_RETURN_TYPE = YES_ERROR;
				GCC_WARN_UNDECLARED_SELECTOR = YES;
				GCC_WARN_UNINITIALIZED_AUTOS = YES_AGGRESSIVE;
				GCC_WARN_UNUSED_FUNCTION = YES;
				GCC_WARN_UNUSED_VARIABLE = YES;
				IPHONEOS_DEPLOYMENT_TARGET = 9.3;
				MTL_ENABLE_DEBUG_INFO = NO;
				SDKROOT = iphoneos;
				TARGETED_DEVICE_FAMILY = "1,2";
				VALIDATE_PRODUCT = YES;
			};
			name = Release;
		};
		EED6C0B11CE6C7E300EA09BE /* Debug */ = {
			isa = XCBuildConfiguration;
			buildSettings = {
				ASSETCATALOG_COMPILER_APPICON_NAME = AppIcon;
				INFOPLIST_FILE = "Swift Button/Info.plist";
				LD_RUNPATH_SEARCH_PATHS = "$(inherited) @executable_path/Frameworks";
				PRODUCT_BUNDLE_IDENTIFIER = "Vayne-Lover.Swift-Button";
				PRODUCT_NAME = "$(TARGET_NAME)";
			};
			name = Debug;
		};
		EED6C0B21CE6C7E300EA09BE /* Release */ = {
			isa = XCBuildConfiguration;
			buildSettings = {
				ASSETCATALOG_COMPILER_APPICON_NAME = AppIcon;
				INFOPLIST_FILE = "Swift Button/Info.plist";
				LD_RUNPATH_SEARCH_PATHS = "$(inherited) @executable_path/Frameworks";
				PRODUCT_BUNDLE_IDENTIFIER = "Vayne-Lover.Swift-Button";
				PRODUCT_NAME = "$(TARGET_NAME)";
			};
			name = Release;
		};
/* End XCBuildConfiguration section */

/* Begin XCConfigurationList section */
		EED6C0991CE6C7E300EA09BE /* Build configuration list for PBXProject "Swift Button" */ = {
			isa = XCConfigurationList;
			buildConfigurations = (
				EED6C0AE1CE6C7E300EA09BE /* Debug */,
				EED6C0AF1CE6C7E300EA09BE /* Release */,
			);
			defaultConfigurationIsVisible = 0;
			defaultConfigurationName = Release;
		};
		EED6C0B01CE6C7E300EA09BE /* Build configuration list for PBXNativeTarget "Swift Button" */ = {
			isa = XCConfigurationList;
			buildConfigurations = (
				EED6C0B11CE6C7E300EA09BE /* Debug */,
				EED6C0B21CE6C7E300EA09BE /* Release */,
			);
			defaultConfigurationIsVisible = 0;
		};
/* End XCConfigurationList section */
	};
	rootObject = EED6C0961CE6C7E300EA09BE /* Project object */;
}
